// !$*UTF8*$!
{
	archiveVersion = 1;
	classes = {
	};
	objectVersion = 46;
	objects = {

/* Begin PBXBuildFile section */
		04463C2419AC178900C40C58 /* Foundation.framework in Frameworks */ = {isa = PBXBuildFile; fileRef = 04463C2319AC178900C40C58 /* Foundation.framework */; };
		04463C2619AC178900C40C58 /* CoreGraphics.framework in Frameworks */ = {isa = PBXBuildFile; fileRef = 04463C2519AC178900C40C58 /* CoreGraphics.framework */; };
		04463C2819AC178900C40C58 /* UIKit.framework in Frameworks */ = {isa = PBXBuildFile; fileRef = 04463C2719AC178900C40C58 /* UIKit.framework */; };
		04463C2E19AC178900C40C58 /* InfoPlist.strings in Resources */ = {isa = PBXBuildFile; fileRef = 04463C2C19AC178900C40C58 /* InfoPlist.strings */; };
		04463C3019AC178900C40C58 /* main.m in Sources */ = {isa = PBXBuildFile; fileRef = 04463C2F19AC178900C40C58 /* main.m */; };
		04463C3419AC178900C40C58 /* AppDelegate.m in Sources */ = {isa = PBXBuildFile; fileRef = 04463C3319AC178900C40C58 /* AppDelegate.m */; };
		04463C3719AC178900C40C58 /* Main.storyboard in Resources */ = {isa = PBXBuildFile; fileRef = 04463C3519AC178900C40C58 /* Main.storyboard */; };
		04463C3A19AC178900C40C58 /* ViewController.m in Sources */ = {isa = PBXBuildFile; fileRef = 04463C3919AC178900C40C58 /* ViewController.m */; };
		04463C3C19AC178900C40C58 /* Images.xcassets in Resources */ = {isa = PBXBuildFile; fileRef = 04463C3B19AC178900C40C58 /* Images.xcassets */; };
		04463C4319AC178900C40C58 /* XCTest.framework in Frameworks */ = {isa = PBXBuildFile; fileRef = 04463C4219AC178900C40C58 /* XCTest.framework */; };
		04463C4419AC178900C40C58 /* Foundation.framework in Frameworks */ = {isa = PBXBuildFile; fileRef = 04463C2319AC178900C40C58 /* Foundation.framework */; };
		04463C4519AC178900C40C58 /* UIKit.framework in Frameworks */ = {isa = PBXBuildFile; fileRef = 04463C2719AC178900C40C58 /* UIKit.framework */; };
		04463C4D19AC178900C40C58 /* InfoPlist.strings in Resources */ = {isa = PBXBuildFile; fileRef = 04463C4B19AC178900C40C58 /* InfoPlist.strings */; };
		04463C4F19AC178900C40C58 /* ios_drawingTests.m in Sources */ = {isa = PBXBuildFile; fileRef = 04463C4E19AC178900C40C58 /* ios_drawingTests.m */; };
		04463C5A19AC17D500C40C58 /* Draw2D.m in Sources */ = {isa = PBXBuildFile; fileRef = 04463C5919AC17D500C40C58 /* Draw2D.m */; };
		04463C5C19AC205300C40C58 /* IMG_0355.JPG in Resources */ = {isa = PBXBuildFile; fileRef = 04463C5B19AC205300C40C58 /* IMG_0355.JPG */; };
/* End PBXBuildFile section */

/* Begin PBXContainerItemProxy section */
		04463C4619AC178900C40C58 /* PBXContainerItemProxy */ = {
			isa = PBXContainerItemProxy;
			containerPortal = 04463C1819AC178900C40C58 /* Project object */;
			proxyType = 1;
			remoteGlobalIDString = 04463C1F19AC178900C40C58;
			remoteInfo = "ios-drawing";
		};
/* End PBXContainerItemProxy section */

/* Begin PBXFileReference section */
		04463C2019AC178900C40C58 /* ios-drawing.app */ = {isa = PBXFileReference; explicitFileType = wrapper.application; includeInIndex = 0; path = "ios-drawing.app"; sourceTree = BUILT_PRODUCTS_DIR; };
		04463C2319AC178900C40C58 /* Foundation.framework */ = {isa = PBXFileReference; lastKnownFileType = wrapper.framework; name = Foundation.framework; path = System/Library/Frameworks/Foundation.framework; sourceTree = SDKROOT; };
		04463C2519AC178900C40C58 /* CoreGraphics.framework */ = {isa = PBXFileReference; lastKnownFileType = wrapper.framework; name = CoreGraphics.framework; path = System/Library/Frameworks/CoreGraphics.framework; sourceTree = SDKROOT; };
		04463C2719AC178900C40C58 /* UIKit.framework */ = {isa = PBXFileReference; lastKnownFileType = wrapper.framework; name = UIKit.framework; path = System/Library/Frameworks/UIKit.framework; sourceTree = SDKROOT; };
		04463C2B19AC178900C40C58 /* ios-drawing-Info.plist */ = {isa = PBXFileReference; lastKnownFileType = text.plist.xml; path = "ios-drawing-Info.plist"; sourceTree = "<group>"; };
		04463C2D19AC178900C40C58 /* en */ = {isa = PBXFileReference; lastKnownFileType = text.plist.strings; name = en; path = en.lproj/InfoPlist.strings; sourceTree = "<group>"; };
		04463C2F19AC178900C40C58 /* main.m */ = {isa = PBXFileReference; lastKnownFileType = sourcecode.c.objc; path = main.m; sourceTree = "<group>"; };
		04463C3119AC178900C40C58 /* ios-drawing-Prefix.pch */ = {isa = PBXFileReference; lastKnownFileType = sourcecode.c.h; path = "ios-drawing-Prefix.pch"; sourceTree = "<group>"; };
		04463C3219AC178900C40C58 /* AppDelegate.h */ = {isa = PBXFileReference; lastKnownFileType = sourcecode.c.h; path = AppDelegate.h; sourceTree = "<group>"; };
		04463C3319AC178900C40C58 /* AppDelegate.m */ = {isa = PBXFileReference; lastKnownFileType = sourcecode.c.objc; path = AppDelegate.m; sourceTree = "<group>"; };
		04463C3619AC178900C40C58 /* Base */ = {isa = PBXFileReference; lastKnownFileType = file.storyboard; name = Base; path = Base.lproj/Main.storyboard; sourceTree = "<group>"; };
		04463C3819AC178900C40C58 /* ViewController.h */ = {isa = PBXFileReference; lastKnownFileType = sourcecode.c.h; path = ViewController.h; sourceTree = "<group>"; };
		04463C3919AC178900C40C58 /* ViewController.m */ = {isa = PBXFileReference; lastKnownFileType = sourcecode.c.objc; path = ViewController.m; sourceTree = "<group>"; };
		04463C3B19AC178900C40C58 /* Images.xcassets */ = {isa = PBXFileReference; lastKnownFileType = folder.assetcatalog; path = Images.xcassets; sourceTree = "<group>"; };
		04463C4119AC178900C40C58 /* ios-drawingTests.xctest */ = {isa = PBXFileReference; explicitFileType = wrapper.cfbundle; includeInIndex = 0; path = "ios-drawingTests.xctest"; sourceTree = BUILT_PRODUCTS_DIR; };
		04463C4219AC178900C40C58 /* XCTest.framework */ = {isa = PBXFileReference; lastKnownFileType = wrapper.framework; name = XCTest.framework; path = Library/Frameworks/XCTest.framework; sourceTree = DEVELOPER_DIR; };
		04463C4A19AC178900C40C58 /* ios-drawingTests-Info.plist */ = {isa = PBXFileReference; lastKnownFileType = text.plist.xml; path = "ios-drawingTests-Info.plist"; sourceTree = "<group>"; };
		04463C4C19AC178900C40C58 /* en */ = {isa = PBXFileReference; lastKnownFileType = text.plist.strings; name = en; path = en.lproj/InfoPlist.strings; sourceTree = "<group>"; };
		04463C4E19AC178900C40C58 /* ios_drawingTests.m */ = {isa = PBXFileReference; lastKnownFileType = sourcecode.c.objc; path = ios_drawingTests.m; sourceTree = "<group>"; };
		04463C5819AC17D500C40C58 /* Draw2D.h */ = {isa = PBXFileReference; fileEncoding = 4; lastKnownFileType = sourcecode.c.h; path = Draw2D.h; sourceTree = "<group>"; };
		04463C5919AC17D500C40C58 /* Draw2D.m */ = {isa = PBXFileReference; fileEncoding = 4; lastKnownFileType = sourcecode.c.objc; path = Draw2D.m; sourceTree = "<group>"; };
		04463C5B19AC205300C40C58 /* IMG_0355.JPG */ = {isa = PBXFileReference; lastKnownFileType = image.jpeg; path = IMG_0355.JPG; sourceTree = "<group>"; };
/* End PBXFileReference section */

/* Begin PBXFrameworksBuildPhase section */
		04463C1D19AC178900C40C58 /* Frameworks */ = {
			isa = PBXFrameworksBuildPhase;
			buildActionMask = 2147483647;
			files = (
				04463C2619AC178900C40C58 /* CoreGraphics.framework in Frameworks */,
				04463C2819AC178900C40C58 /* UIKit.framework in Frameworks */,
				04463C2419AC178900C40C58 /* Foundation.framework in Frameworks */,
			);
			runOnlyForDeploymentPostprocessing = 0;
		};
		04463C3E19AC178900C40C58 /* Frameworks */ = {
			isa = PBXFrameworksBuildPhase;
			buildActionMask = 2147483647;
			files = (
				04463C4319AC178900C40C58 /* XCTest.framework in Frameworks */,
				04463C4519AC178900C40C58 /* UIKit.framework in Frameworks */,
				04463C4419AC178900C40C58 /* Foundation.framework in Frameworks */,
			);
			runOnlyForDeploymentPostprocessing = 0;
		};
/* End PBXFrameworksBuildPhase section */

/* Begin PBXGroup section */
		04463C1719AC178900C40C58 = {
			isa = PBXGroup;
			children = (
				04463C2919AC178900C40C58 /* ios-drawing */,
				04463C4819AC178900C40C58 /* ios-drawingTests */,
				04463C2219AC178900C40C58 /* Frameworks */,
				04463C2119AC178900C40C58 /* Products */,
			);
			sourceTree = "<group>";
		};
		04463C2119AC178900C40C58 /* Products */ = {
			isa = PBXGroup;
			children = (
				04463C2019AC178900C40C58 /* ios-drawing.app */,
				04463C4119AC178900C40C58 /* ios-drawingTests.xctest */,
			);
			name = Products;
			sourceTree = "<group>";
		};
		04463C2219AC178900C40C58 /* Frameworks */ = {
			isa = PBXGroup;
			children = (
				04463C2319AC178900C40C58 /* Foundation.framework */,
				04463C2519AC178900C40C58 /* CoreGraphics.framework */,
				04463C2719AC178900C40C58 /* UIKit.framework */,
				04463C4219AC178900C40C58 /* XCTest.framework */,
			);
			name = Frameworks;
			sourceTree = "<group>";
		};
		04463C2919AC178900C40C58 /* ios-drawing */ = {
			isa = PBXGroup;
			children = (
				04463C5B19AC205300C40C58 /* IMG_0355.JPG */,
				04463C3219AC178900C40C58 /* AppDelegate.h */,
				04463C3319AC178900C40C58 /* AppDelegate.m */,
				04463C3519AC178900C40C58 /* Main.storyboard */,
				04463C3819AC178900C40C58 /* ViewController.h */,
				04463C3919AC178900C40C58 /* ViewController.m */,
				04463C3B19AC178900C40C58 /* Images.xcassets */,
				04463C2A19AC178900C40C58 /* Supporting Files */,
				04463C5819AC17D500C40C58 /* Draw2D.h */,
				04463C5919AC17D500C40C58 /* Draw2D.m */,
			);
			path = "ios-drawing";
			sourceTree = "<group>";
		};
		04463C2A19AC178900C40C58 /* Supporting Files */ = {
			isa = PBXGroup;
			children = (
				04463C2B19AC178900C40C58 /* ios-drawing-Info.plist */,
				04463C2C19AC178900C40C58 /* InfoPlist.strings */,
				04463C2F19AC178900C40C58 /* main.m */,
				04463C3119AC178900C40C58 /* ios-drawing-Prefix.pch */,
			);
			name = "Supporting Files";
			sourceTree = "<group>";
		};
		04463C4819AC178900C40C58 /* ios-drawingTests */ = {
			isa = PBXGroup;
			children = (
				04463C4E19AC178900C40C58 /* ios_drawingTests.m */,
				04463C4919AC178900C40C58 /* Supporting Files */,
			);
			path = "ios-drawingTests";
			sourceTree = "<group>";
		};
		04463C4919AC178900C40C58 /* Supporting Files */ = {
			isa = PBXGroup;
			children = (
				04463C4A19AC178900C40C58 /* ios-drawingTests-Info.plist */,
				04463C4B19AC178900C40C58 /* InfoPlist.strings */,
			);
			name = "Supporting Files";
			sourceTree = "<group>";
		};
/* End PBXGroup section */

/* Begin PBXNativeTarget section */
		04463C1F19AC178900C40C58 /* ios-drawing */ = {
			isa = PBXNativeTarget;
			buildConfigurationList = 04463C5219AC178900C40C58 /* Build configuration list for PBXNativeTarget "ios-drawing" */;
			buildPhases = (
				04463C1C19AC178900C40C58 /* Sources */,
				04463C1D19AC178900C40C58 /* Frameworks */,
				04463C1E19AC178900C40C58 /* Resources */,
			);
			buildRules = (
			);
			dependencies = (
			);
			name = "ios-drawing";
			productName = "ios-drawing";
			productReference = 04463C2019AC178900C40C58 /* ios-drawing.app */;
			productType = "com.apple.product-type.application";
		};
		04463C4019AC178900C40C58 /* ios-drawingTests */ = {
			isa = PBXNativeTarget;
			buildConfigurationList = 04463C5519AC178900C40C58 /* Build configuration list for PBXNativeTarget "ios-drawingTests" */;
			buildPhases = (
				04463C3D19AC178900C40C58 /* Sources */,
				04463C3E19AC178900C40C58 /* Frameworks */,
				04463C3F19AC178900C40C58 /* Resources */,
			);
			buildRules = (
			);
			dependencies = (
				04463C4719AC178900C40C58 /* PBXTargetDependency */,
			);
			name = "ios-drawingTests";
			productName = "ios-drawingTests";
			productReference = 04463C4119AC178900C40C58 /* ios-drawingTests.xctest */;
			productType = "com.apple.product-type.bundle.unit-test";
		};
/* End PBXNativeTarget section */

/* Begin PBXProject section */
		04463C1819AC178900C40C58 /* Project object */ = {
			isa = PBXProject;
			attributes = {
				LastUpgradeCheck = 0510;
				ORGANIZATIONNAME = jack;
				TargetAttributes = {
					04463C4019AC178900C40C58 = {
						TestTargetID = 04463C1F19AC178900C40C58;
					};
				};
			};
			buildConfigurationList = 04463C1B19AC178900C40C58 /* Build configuration list for PBXProject "ios-drawing" */;
			compatibilityVersion = "Xcode 3.2";
			developmentRegion = English;
			hasScannedForEncodings = 0;
			knownRegions = (
				en,
				Base,
			);
			mainGroup = 04463C1719AC178900C40C58;
			productRefGroup = 04463C2119AC178900C40C58 /* Products */;
			projectDirPath = "";
			projectRoot = "";
			targets = (
				04463C1F19AC178900C40C58 /* ios-drawing */,
				04463C4019AC178900C40C58 /* ios-drawingTests */,
			);
		};
/* End PBXProject section */

/* Begin PBXResourcesBuildPhase section */
		04463C1E19AC178900C40C58 /* Resources */ = {
			isa = PBXResourcesBuildPhase;
			buildActionMask = 2147483647;
			files = (
				04463C5C19AC205300C40C58 /* IMG_0355.JPG in Resources */,
				04463C3C19AC178900C40C58 /* Images.xcassets in Resources */,
				04463C2E19AC178900C40C58 /* InfoPlist.strings in Resources */,
				04463C3719AC178900C40C58 /* Main.storyboard in Resources */,
			);
			runOnlyForDeploymentPostprocessing = 0;
		};
		04463C3F19AC178900C40C58 /* Resources */ = {
			isa = PBXResourcesBuildPhase;
			buildActionMask = 2147483647;
			files = (
				04463C4D19AC178900C40C58 /* InfoPlist.strings in Resources */,
			);
			runOnlyForDeploymentPostprocessing = 0;
		};
/* End PBXResourcesBuildPhase section */

/* Begin PBXSourcesBuildPhase section */
		04463C1C19AC178900C40C58 /* Sources */ = {
			isa = PBXSourcesBuildPhase;
			buildActionMask = 2147483647;
			files = (
				04463C3A19AC178900C40C58 /* ViewController.m in Sources */,
				04463C3419AC178900C40C58 /* AppDelegate.m in Sources */,
				04463C3019AC178900C40C58 /* main.m in Sources */,
				04463C5A19AC17D500C40C58 /* Draw2D.m in Sources */,
			);
			runOnlyForDeploymentPostprocessing = 0;
		};
		04463C3D19AC178900C40C58 /* Sources */ = {
			isa = PBXSourcesBuildPhase;
			buildActionMask = 2147483647;
			files = (
				04463C4F19AC178900C40C58 /* ios_drawingTests.m in Sources */,
			);
			runOnlyForDeploymentPostprocessing = 0;
		};
/* End PBXSourcesBuildPhase section */

/* Begin PBXTargetDependency section */
		04463C4719AC178900C40C58 /* PBXTargetDependency */ = {
			isa = PBXTargetDependency;
			target = 04463C1F19AC178900C40C58 /* ios-drawing */;
			targetProxy = 04463C4619AC178900C40C58 /* PBXContainerItemProxy */;
		};
/* End PBXTargetDependency section */

/* Begin PBXVariantGroup section */
		04463C2C19AC178900C40C58 /* InfoPlist.strings */ = {
			isa = PBXVariantGroup;
			children = (
				04463C2D19AC178900C40C58 /* en */,
			);
			name = InfoPlist.strings;
			sourceTree = "<group>";
		};
		04463C3519AC178900C40C58 /* Main.storyboard */ = {
			isa = PBXVariantGroup;
			children = (
				04463C3619AC178900C40C58 /* Base */,
			);
			name = Main.storyboard;
			sourceTree = "<group>";
		};
		04463C4B19AC178900C40C58 /* InfoPlist.strings */ = {
			isa = PBXVariantGroup;
			children = (
				04463C4C19AC178900C40C58 /* en */,
			);
			name = InfoPlist.strings;
			sourceTree = "<group>";
		};
/* End PBXVariantGroup section */

/* Begin XCBuildConfiguration section */
		04463C5019AC178900C40C58 /* Debug */ = {
			isa = XCBuildConfiguration;
			buildSettings = {
				ALWAYS_SEARCH_USER_PATHS = NO;
				CLANG_CXX_LANGUAGE_STANDARD = "gnu++0x";
				CLANG_CXX_LIBRARY = "libc++";
				CLANG_ENABLE_MODULES = YES;
				CLANG_ENABLE_OBJC_ARC = YES;
				CLANG_WARN_BOOL_CONVERSION = YES;
				CLANG_WARN_CONSTANT_CONVERSION = YES;
				CLANG_WARN_DIRECT_OBJC_ISA_USAGE = YES_ERROR;
				CLANG_WARN_EMPTY_BODY = YES;
				CLANG_WARN_ENUM_CONVERSION = YES;
				CLANG_WARN_INT_CONVERSION = YES;
				CLANG_WARN_OBJC_ROOT_CLASS = YES_ERROR;
				CLANG_WARN__DUPLICATE_METHOD_MATCH = YES;
				"CODE_SIGN_IDENTITY[sdk=iphoneos*]" = "iPhone Developer";
				COPY_PHASE_STRIP = NO;
				GCC_C_LANGUAGE_STANDARD = gnu99;
				GCC_DYNAMIC_NO_PIC = NO;
				GCC_OPTIMIZATION_LEVEL = 0;
				GCC_PREPROCESSOR_DEFINITIONS = (
					"DEBUG=1",
					"$(inherited)",
				);
				GCC_SYMBOLS_PRIVATE_EXTERN = NO;
				GCC_WARN_64_TO_32_BIT_CONVERSION = YES;
				GCC_WARN_ABOUT_RETURN_TYPE = YES_ERROR;
				GCC_WARN_UNDECLARED_SELECTOR = YES;
				GCC_WARN_UNINITIALIZED_AUTOS = YES_AGGRESSIVE;
				GCC_WARN_UNUSED_FUNCTION = YES;
				GCC_WARN_UNUSED_VARIABLE = YES;
				IPHONEOS_DEPLOYMENT_TARGET = 7.1;
				ONLY_ACTIVE_ARCH = YES;
				SDKROOT = iphoneos;
			};
			name = Debug;
		};
		04463C5119AC178900C40C58 /* Release */ = {
			isa = XCBuildConfiguration;
			buildSettings = {
				ALWAYS_SEARCH_USER_PATHS = NO;
				CLANG_CXX_LANGUAGE_STANDARD = "gnu++0x";
				CLANG_CXX_LIBRARY = "libc++";
				CLANG_ENABLE_MODULES = YES;
				CLANG_ENABLE_OBJC_ARC = YES;
				CLANG_WARN_BOOL_CONVERSION = YES;
				CLANG_WARN_CONSTANT_CONVERSION = YES;
				CLANG_WARN_DIRECT_OBJC_ISA_USAGE = YES_ERROR;
				CLANG_WARN_EMPTY_BODY = YES;
				CLANG_WARN_ENUM_CONVERSION = YES;
				CLANG_WARN_INT_CONVERSION = YES;
				CLANG_WARN_OBJC_ROOT_CLASS = YES_ERROR;
				CLANG_WARN__DUPLICATE_METHOD_MATCH = YES;
				"CODE_SIGN_IDENTITY[sdk=iphoneos*]" = "iPhone Developer";
				COPY_PHASE_STRIP = YES;
				ENABLE_NS_ASSERTIONS = NO;
				GCC_C_LANGUAGE_STANDARD = gnu99;
				GCC_WARN_64_TO_32_BIT_CONVERSION = YES;
				GCC_WARN_ABOUT_RETURN_TYPE = YES_ERROR;
				GCC_WARN_UNDECLARED_SELECTOR = YES;
				GCC_WARN_UNINITIALIZED_AUTOS = YES_AGGRESSIVE;
				GCC_WARN_UNUSED_FUNCTION = YES;
				GCC_WARN_UNUSED_VARIABLE = YES;
				IPHONEOS_DEPLOYMENT_TARGET = 7.1;
				SDKROOT = iphoneos;
				VALIDATE_PRODUCT = YES;
			};
			name = Release;
		};
		04463C5319AC178900C40C58 /* Debug */ = {
			isa = XCBuildConfiguration;
			buildSettings = {
				ASSETCATALOG_COMPILER_APPICON_NAME = AppIcon;
				ASSETCATALOG_COMPILER_LAUNCHIMAGE_NAME = LaunchImage;
				GCC_PRECOMPILE_PREFIX_HEADER = YES;
				GCC_PREFIX_HEADER = "ios-drawing/ios-drawing-Prefix.pch";
				INFOPLIST_FILE = "ios-drawing/ios-drawing-Info.plist";
				PRODUCT_NAME = "$(TARGET_NAME)";
				WRAPPER_EXTENSION = app;
			};
			name = Debug;
		};
		04463C5419AC178900C40C58 /* Release */ = {
			isa = XCBuildConfiguration;
			buildSettings = {
				ASSETCATALOG_COMPILER_APPICON_NAME = AppIcon;
				ASSETCATALOG_COMPILER_LAUNCHIMAGE_NAME = LaunchImage;
				GCC_PRECOMPILE_PREFIX_HEADER = YES;
				GCC_PREFIX_HEADER = "ios-drawing/ios-drawing-Prefix.pch";
				INFOPLIST_FILE = "ios-drawing/ios-drawing-Info.plist";
				PRODUCT_NAME = "$(TARGET_NAME)";
				WRAPPER_EXTENSION = app;
			};
			name = Release;
		};
		04463C5619AC178900C40C58 /* Debug */ = {
			isa = XCBuildConfiguration;
			buildSettings = {
				BUNDLE_LOADER = "$(BUILT_PRODUCTS_DIR)/ios-drawing.app/ios-drawing";
				FRAMEWORK_SEARCH_PATHS = (
					"$(SDKROOT)/Developer/Library/Frameworks",
					"$(inherited)",
					"$(DEVELOPER_FRAMEWORKS_DIR)",
				);
				GCC_PRECOMPILE_PREFIX_HEADER = YES;
				GCC_PREFIX_HEADER = "ios-drawing/ios-drawing-Prefix.pch";
				GCC_PREPROCESSOR_DEFINITIONS = (
					"DEBUG=1",
					"$(inherited)",
				);
				INFOPLIST_FILE = "ios-drawingTests/ios-drawingTests-Info.plist";
				PRODUCT_NAME = "$(TARGET_NAME)";
				TEST_HOST = "$(BUNDLE_LOADER)";
				WRAPPER_EXTENSION = xctest;
			};
			name = Debug;
		};
		04463C5719AC178900C40C58 /* Release */ = {
			isa = XCBuildConfiguration;
			buildSettings = {
				BUNDLE_LOADER = "$(BUILT_PRODUCTS_DIR)/ios-drawing.app/ios-drawing";
				FRAMEWORK_SEARCH_PATHS = (
					"$(SDKROOT)/Developer/Library/Frameworks",
					"$(inherited)",
					"$(DEVELOPER_FRAMEWORKS_DIR)",
				);
				GCC_PRECOMPILE_PREFIX_HEADER = YES;
				GCC_PREFIX_HEADER = "ios-drawing/ios-drawing-Prefix.pch";
				INFOPLIST_FILE = "ios-drawingTests/ios-drawingTests-Info.plist";
				PRODUCT_NAME = "$(TARGET_NAME)";
				TEST_HOST = "$(BUNDLE_LOADER)";
				WRAPPER_EXTENSION = xctest;
			};
			name = Release;
		};
/* End XCBuildConfiguration section */

/* Begin XCConfigurationList section */
		04463C1B19AC178900C40C58 /* Build configuration list for PBXProject "ios-drawing" */ = {
			isa = XCConfigurationList;
			buildConfigurations = (
				04463C5019AC178900C40C58 /* Debug */,
				04463C5119AC178900C40C58 /* Release */,
			);
			defaultConfigurationIsVisible = 0;
			defaultConfigurationName = Release;
		};
		04463C5219AC178900C40C58 /* Build configuration list for PBXNativeTarget "ios-drawing" */ = {
			isa = XCConfigurationList;
			buildConfigurations = (
				04463C5319AC178900C40C58 /* Debug */,
				04463C5419AC178900C40C58 /* Release */,
			);
			defaultConfigurationIsVisible = 0;
		};
		04463C5519AC178900C40C58 /* Build configuration list for PBXNativeTarget "ios-drawingTests" */ = {
			isa = XCConfigurationList;
			buildConfigurations = (
				04463C5619AC178900C40C58 /* Debug */,
				04463C5719AC178900C40C58 /* Release */,
			);
			defaultConfigurationIsVisible = 0;
		};
/* End XCConfigurationList section */
	};
	rootObject = 04463C1819AC178900C40C58 /* Project object */;
}
